
Microsoft Visual Studio Solution File, Format Version 12.00
# Visual Studio 15
VisualStudioVersion = 15.0.28010.2046
MinimumVisualStudioVersion = 10.0.40219.1
Project("{FAE04EC0-301F-11D3-BF4B-00C04F79EFBC}") = "HelloWorld", "HelloWorld\HelloWorld.csproj", "{B8D451F1-BB5D-449F-BB26-7F465900F1C9}"
EndProject
Project("{FAE04EC0-301F-11D3-BF4B-00C04F79EFBC}") = "TypeCastExample1", "TypeCastExample1\TypeCastExample1.csproj", "{F36340BD-4819-4F7D-B885-82A37349395B}"
EndProject
Project("{FAE04EC0-301F-11D3-BF4B-00C04F79EFBC}") = "MyConstants", "MyConstants\MyConstants.csproj", "{2EAED9E2-28C7-4939-8020-2189E9F4118D}"
EndProject
Project("{FAE04EC0-301F-11D3-BF4B-00C04F79EFBC}") = "TypeCastExample2", "TypeCastExample2\TypeCastExample2.csproj", "{E0583978-BC15-4280-9D5A-978EA837FA04}"
EndProject
Project("{FAE04EC0-301F-11D3-BF4B-00C04F79EFBC}") = "ConsoleApp3", "ConsoleApp3\ConsoleApp3.csproj", "{BE37E8AF-21C1-4019-9683-23685B6E3D8A}"
EndProject
Project("{FAE04EC0-301F-11D3-BF4B-00C04F79EFBC}") = "ConsoleApp4", "ConsoleApp4\ConsoleApp4.csproj", "{03F88821-3FF7-40B8-BEAD-34E65D0E1905}"
EndProject
Project("{FAE04EC0-301F-11D3-BF4B-00C04F79EFBC}") = "ConsoleApp5", "ConsoleApp5\ConsoleApp5.csproj", "{8B6B8E48-5633-4109-B113-62E5A9627DE2}"
EndProject
Project("{FAE04EC0-301F-11D3-BF4B-00C04F79EFBC}") = "ConsoleApp6", "ConsoleApp6\ConsoleApp6.csproj", "{611902AD-C392-46BE-AB6E-70C2D0B0B36D}"
EndProject
Project("{FAE04EC0-301F-11D3-BF4B-00C04F79EFBC}") = "ConsoleApp1", "ConsoleApp1\ConsoleApp1.csproj", "{A20C9CF0-CFFB-4318-9031-E3B206F69454}"
EndProject
Project("{FAE04EC0-301F-11D3-BF4B-00C04F79EFBC}") = "ConsoleApp2", "ConsoleApp2\ConsoleApp2.csproj", "{8B2F7EED-9A57-4AA6-B2D8-BC4309201340}"
EndProject
Project("{FAE04EC0-301F-11D3-BF4B-00C04F79EFBC}") = "ConsoleApp7", "ConsoleApp7\ConsoleApp7.csproj", "{0B24E8B0-1505-4CD8-B78C-512D80A886A1}"
EndProject
Project("{FAE04EC0-301F-11D3-BF4B-00C04F79EFBC}") = "ConsoleApp8", "ConsoleApp8\ConsoleApp8.csproj", "{D929A38B-BBA6-413A-8B08-44125528FB3E}"
EndProject
Project("{FAE04EC0-301F-11D3-BF4B-00C04F79EFBC}") = "Example1015", "Example1015\Example1015.csproj", "{89A69E22-DDB5-40DF-94A3-97B64D18BF09}"
EndProject
Global
	GlobalSection(SolutionConfigurationPlatforms) = preSolution
		Debug|Any CPU = Debug|Any CPU
		Release|Any CPU = Release|Any CPU
	EndGlobalSection
	GlobalSection(ProjectConfigurationPlatforms) = postSolution
		{B8D451F1-BB5D-449F-BB26-7F465900F1C9}.Debug|Any CPU.ActiveCfg = Debug|Any CPU
		{B8D451F1-BB5D-449F-BB26-7F465900F1C9}.Debug|Any CPU.Build.0 = Debug|Any CPU
		{B8D451F1-BB5D-449F-BB26-7F465900F1C9}.Release|Any CPU.ActiveCfg = Release|Any CPU
		{B8D451F1-BB5D-449F-BB26-7F465900F1C9}.Release|Any CPU.Build.0 = Release|Any CPU
		{F36340BD-4819-4F7D-B885-82A37349395B}.Debug|Any CPU.ActiveCfg = Debug|Any CPU
		{F36340BD-4819-4F7D-B885-82A37349395B}.Debug|Any CPU.Build.0 = Debug|Any CPU
		{F36340BD-4819-4F7D-B885-82A37349395B}.Release|Any CPU.ActiveCfg = Release|Any CPU
		{F36340BD-4819-4F7D-B885-82A37349395B}.Release|Any CPU.Build.0 = Release|Any CPU
		{2EAED9E2-28C7-4939-8020-2189E9F4118D}.Debug|Any CPU.ActiveCfg = Debug|Any CPU
		{2EAED9E2-28C7-4939-8020-2189E9F4118D}.Debug|Any CPU.Build.0 = Debug|Any CPU
		{2EAED9E2-28C7-4939-8020-2189E9F4118D}.Release|Any CPU.ActiveCfg = Release|Any CPU
		{2EAED9E2-28C7-4939-8020-2189E9F4118D}.Release|Any CPU.Build.0 = Release|Any CPU
		{E0583978-BC15-4280-9D5A-978EA837FA04}.Debug|Any CPU.ActiveCfg = Debug|Any CPU
		{E0583978-BC15-4280-9D5A-978EA837FA04}.Debug|Any CPU.Build.0 = Debug|Any CPU
		{E0583978-BC15-4280-9D5A-978EA837FA04}.Release|Any CPU.ActiveCfg = Release|Any CPU
		{E0583978-BC15-4280-9D5A-978EA837FA04}.Release|Any CPU.Build.0 = Release|Any CPU
		{BE37E8AF-21C1-4019-9683-23685B6E3D8A}.Debug|Any CPU.ActiveCfg = Debug|Any CPU
		{BE37E8AF-21C1-4019-9683-23685B6E3D8A}.Debug|Any CPU.Build.0 = Debug|Any CPU
		{BE37E8AF-21C1-4019-9683-23685B6E3D8A}.Release|Any CPU.ActiveCfg = Release|Any CPU
		{BE37E8AF-21C1-4019-9683-23685B6E3D8A}.Release|Any CPU.Build.0 = Release|Any CPU
		{03F88821-3FF7-40B8-BEAD-34E65D0E1905}.Debug|Any CPU.ActiveCfg = Debug|Any CPU
		{03F88821-3FF7-40B8-BEAD-34E65D0E1905}.Debug|Any CPU.Build.0 = Debug|Any CPU
		{03F88821-3FF7-40B8-BEAD-34E65D0E1905}.Release|Any CPU.ActiveCfg = Release|Any CPU
		{03F88821-3FF7-40B8-BEAD-34E65D0E1905}.Release|Any CPU.Build.0 = Release|Any CPU
		{8B6B8E48-5633-4109-B113-62E5A9627DE2}.Debug|Any CPU.ActiveCfg = Debug|Any CPU
		{8B6B8E48-5633-4109-B113-62E5A9627DE2}.Debug|Any CPU.Build.0 = Debug|Any CPU
		{8B6B8E48-5633-4109-B113-62E5A9627DE2}.Release|Any CPU.ActiveCfg = Release|Any CPU
		{8B6B8E48-5633-4109-B113-62E5A9627DE2}.Release|Any CPU.Build.0 = Release|Any CPU
		{611902AD-C392-46BE-AB6E-70C2D0B0B36D}.Debug|Any CPU.ActiveCfg = Debug|Any CPU
		{611902AD-C392-46BE-AB6E-70C2D0B0B36D}.Debug|Any CPU.Build.0 = Debug|Any CPU
		{611902AD-C392-46BE-AB6E-70C2D0B0B36D}.Release|Any CPU.ActiveCfg = Release|Any CPU
		{611902AD-C392-46BE-AB6E-70C2D0B0B36D}.Release|Any CPU.Build.0 = Release|Any CPU
		{A20C9CF0-CFFB-4318-9031-E3B206F69454}.Debug|Any CPU.ActiveCfg = Debug|Any CPU
		{A20C9CF0-CFFB-4318-9031-E3B206F69454}.Debug|Any CPU.Build.0 = Debug|Any CPU
		{A20C9CF0-CFFB-4318-9031-E3B206F69454}.Release|Any CPU.ActiveCfg = Release|Any CPU
		{A20C9CF0-CFFB-4318-9031-E3B206F69454}.Release|Any CPU.Build.0 = Release|Any CPU
		{8B2F7EED-9A57-4AA6-B2D8-BC4309201340}.Debug|Any CPU.ActiveCfg = Debug|Any CPU
		{8B2F7EED-9A57-4AA6-B2D8-BC4309201340}.Debug|Any CPU.Build.0 = Debug|Any CPU
		{8B2F7EED-9A57-4AA6-B2D8-BC4309201340}.Release|Any CPU.ActiveCfg = Release|Any CPU
		{8B2F7EED-9A57-4AA6-B2D8-BC4309201340}.Release|Any CPU.Build.0 = Release|Any CPU
		{0B24E8B0-1505-4CD8-B78C-512D80A886A1}.Debug|Any CPU.ActiveCfg = Debug|Any CPU
		{0B24E8B0-1505-4CD8-B78C-512D80A886A1}.Debug|Any CPU.Build.0 = Debug|Any CPU
		{0B24E8B0-1505-4CD8-B78C-512D80A886A1}.Release|Any CPU.ActiveCfg = Release|Any CPU
		{0B24E8B0-1505-4CD8-B78C-512D80A886A1}.Release|Any CPU.Build.0 = Release|Any CPU
		{D929A38B-BBA6-413A-8B08-44125528FB3E}.Debug|Any CPU.ActiveCfg = Debug|Any CPU
		{D929A38B-BBA6-413A-8B08-44125528FB3E}.Debug|Any CPU.Build.0 = Debug|Any CPU
		{D929A38B-BBA6-413A-8B08-44125528FB3E}.Release|Any CPU.ActiveCfg = Release|Any CPU
		{D929A38B-BBA6-413A-8B08-44125528FB3E}.Release|Any CPU.Build.0 = Release|Any CPU
		{89A69E22-DDB5-40DF-94A3-97B64D18BF09}.Debug|Any CPU.ActiveCfg = Debug|Any CPU
		{89A69E22-DDB5-40DF-94A3-97B64D18BF09}.Debug|Any CPU.Build.0 = Debug|Any CPU
		{89A69E22-DDB5-40DF-94A3-97B64D18BF09}.Release|Any CPU.ActiveCfg = Release|Any CPU
		{89A69E22-DDB5-40DF-94A3-97B64D18BF09}.Release|Any CPU.Build.0 = Release|Any CPU
	EndGlobalSection
	GlobalSection(SolutionProperties) = preSolution
		HideSolutionNode = FALSE
	EndGlobalSection
	GlobalSection(ExtensibilityGlobals) = postSolution
		SolutionGuid = {0F80DE4F-F578-4FC5-8D42-CD2ED63C6A02}
	EndGlobalSection
EndGlobal
