
Microsoft Visual Studio Solution File, Format Version 12.00
# Visual Studio 15
VisualStudioVersion = 15.0.28010.2046
MinimumVisualStudioVersion = 10.0.40219.1
Project("{FAE04EC0-301F-11D3-BF4B-00C04F79EFBC}") = "Project1017", "Project1017\Project1017.csproj", "{E79DA28F-2C2D-431B-8A57-00A6E21F9F6C}"
EndProject
Project("{FAE04EC0-301F-11D3-BF4B-00C04F79EFBC}") = "ConsoleApp1", "ConsoleApp1\ConsoleApp1.csproj", "{25D3E96E-1F1A-455D-8D4F-9C4B65E67B92}"
EndProject
Project("{FAE04EC0-301F-11D3-BF4B-00C04F79EFBC}") = "ConsoleApp2", "ConsoleApp2\ConsoleApp2.csproj", "{4493AECD-EEAB-4E2C-B60C-FFD3CBC779BB}"
EndProject
Project("{FAE04EC0-301F-11D3-BF4B-00C04F79EFBC}") = "ConsoleApp3", "ConsoleApp3\ConsoleApp3.csproj", "{0BFD1998-8427-416D-A5A4-3B81C62D4871}"
EndProject
Project("{FAE04EC0-301F-11D3-BF4B-00C04F79EFBC}") = "ConsoleApp4", "ConsoleApp4\ConsoleApp4.csproj", "{72933461-123F-44FD-A930-94F93B2A3621}"
EndProject
Project("{FAE04EC0-301F-11D3-BF4B-00C04F79EFBC}") = "ConsoleApp5", "ConsoleApp5\ConsoleApp5.csproj", "{275773A8-3EA0-4F51-BE29-EABCDDAB3579}"
EndProject
Project("{FAE04EC0-301F-11D3-BF4B-00C04F79EFBC}") = "ConsoleApp6", "ConsoleApp6\ConsoleApp6.csproj", "{8B55DF2C-AA3B-43D8-BEEE-881E942BE259}"
EndProject
Project("{FAE04EC0-301F-11D3-BF4B-00C04F79EFBC}") = "ConsoleApp7", "ConsoleApp7\ConsoleApp7.csproj", "{7B09CEAB-5E09-4767-B61E-53B8850DCDF0}"
EndProject
Project("{FAE04EC0-301F-11D3-BF4B-00C04F79EFBC}") = "ConsoleApp8", "ConsoleApp8\ConsoleApp8.csproj", "{90F051DE-D819-41F1-8039-AB7CAAC0830A}"
EndProject
Project("{FAE04EC0-301F-11D3-BF4B-00C04F79EFBC}") = "ConsoleApp9", "ConsoleApp9\ConsoleApp9.csproj", "{056F2CE9-7F36-4897-ABE7-1D3B9CF02DD2}"
EndProject
Project("{FAE04EC0-301F-11D3-BF4B-00C04F79EFBC}") = "ConsoleApp10", "ConsoleApp10\ConsoleApp10.csproj", "{421B6117-83B7-47CF-BCF6-C78E5EF1C701}"
EndProject
Project("{FAE04EC0-301F-11D3-BF4B-00C04F79EFBC}") = "ConsoleApp11", "ConsoleApp11\ConsoleApp11.csproj", "{119BFB11-D8C3-4843-91EB-AC5B4595273F}"
EndProject
Project("{FAE04EC0-301F-11D3-BF4B-00C04F79EFBC}") = "ConsoleApp12", "ConsoleApp12\ConsoleApp12.csproj", "{E49C5F7E-699E-473D-9E66-4DC188E34F81}"
EndProject
Project("{FAE04EC0-301F-11D3-BF4B-00C04F79EFBC}") = "ConsoleApp13", "ConsoleApp13\ConsoleApp13.csproj", "{B1A2DE51-186F-4B04-9158-1E3B594C728F}"
EndProject
Project("{FAE04EC0-301F-11D3-BF4B-00C04F79EFBC}") = "ConsoleApp14", "ConsoleApp14\ConsoleApp14.csproj", "{8897ECCC-A206-4A74-8F87-FC888B5089FD}"
EndProject
Project("{FAE04EC0-301F-11D3-BF4B-00C04F79EFBC}") = "ConsoleApp15", "ConsoleApp15\ConsoleApp15.csproj", "{4C0FFB24-4733-437C-A9D9-82A4169A8E4E}"
EndProject
Project("{FAE04EC0-301F-11D3-BF4B-00C04F79EFBC}") = "ConsoleApp16", "ConsoleApp16\ConsoleApp16.csproj", "{3C1A8482-A919-41CE-B368-170727FCF8DD}"
EndProject
Project("{FAE04EC0-301F-11D3-BF4B-00C04F79EFBC}") = "ConsoleApp17", "ConsoleApp17\ConsoleApp17.csproj", "{7B1039D8-D96D-4708-AE34-5A943E671120}"
EndProject
Project("{FAE04EC0-301F-11D3-BF4B-00C04F79EFBC}") = "ConsoleApp18", "ConsoleApp18\ConsoleApp18.csproj", "{5ECA5F0D-F500-4DD7-960E-0CBED8E6703F}"
EndProject
Project("{FAE04EC0-301F-11D3-BF4B-00C04F79EFBC}") = "ConsoleApp19", "ConsoleApp19\ConsoleApp19.csproj", "{5D419513-CD0A-4B2E-8841-57F8A7EC4AA8}"
EndProject
Project("{FAE04EC0-301F-11D3-BF4B-00C04F79EFBC}") = "ConsoleApp20", "ConsoleApp20\ConsoleApp20.csproj", "{0CF71716-E995-4DE7-9E24-50A331F334DF}"
EndProject
Project("{FAE04EC0-301F-11D3-BF4B-00C04F79EFBC}") = "ConsoleApp21", "ConsoleApp21\ConsoleApp21.csproj", "{7A0B2472-7B32-4A56-B502-644E8E50E39D}"
EndProject
Project("{FAE04EC0-301F-11D3-BF4B-00C04F79EFBC}") = "ConsoleApp22", "ConsoleApp22\ConsoleApp22.csproj", "{E120FB0C-F19E-4538-BE8F-DE932597BA4C}"
EndProject
Global
	GlobalSection(SolutionConfigurationPlatforms) = preSolution
		Debug|Any CPU = Debug|Any CPU
		Release|Any CPU = Release|Any CPU
	EndGlobalSection
	GlobalSection(ProjectConfigurationPlatforms) = postSolution
		{E79DA28F-2C2D-431B-8A57-00A6E21F9F6C}.Debug|Any CPU.ActiveCfg = Debug|Any CPU
		{E79DA28F-2C2D-431B-8A57-00A6E21F9F6C}.Debug|Any CPU.Build.0 = Debug|Any CPU
		{E79DA28F-2C2D-431B-8A57-00A6E21F9F6C}.Release|Any CPU.ActiveCfg = Release|Any CPU
		{E79DA28F-2C2D-431B-8A57-00A6E21F9F6C}.Release|Any CPU.Build.0 = Release|Any CPU
		{25D3E96E-1F1A-455D-8D4F-9C4B65E67B92}.Debug|Any CPU.ActiveCfg = Debug|Any CPU
		{25D3E96E-1F1A-455D-8D4F-9C4B65E67B92}.Debug|Any CPU.Build.0 = Debug|Any CPU
		{25D3E96E-1F1A-455D-8D4F-9C4B65E67B92}.Release|Any CPU.ActiveCfg = Release|Any CPU
		{25D3E96E-1F1A-455D-8D4F-9C4B65E67B92}.Release|Any CPU.Build.0 = Release|Any CPU
		{4493AECD-EEAB-4E2C-B60C-FFD3CBC779BB}.Debug|Any CPU.ActiveCfg = Debug|Any CPU
		{4493AECD-EEAB-4E2C-B60C-FFD3CBC779BB}.Debug|Any CPU.Build.0 = Debug|Any CPU
		{4493AECD-EEAB-4E2C-B60C-FFD3CBC779BB}.Release|Any CPU.ActiveCfg = Release|Any CPU
		{4493AECD-EEAB-4E2C-B60C-FFD3CBC779BB}.Release|Any CPU.Build.0 = Release|Any CPU
		{0BFD1998-8427-416D-A5A4-3B81C62D4871}.Debug|Any CPU.ActiveCfg = Debug|Any CPU
		{0BFD1998-8427-416D-A5A4-3B81C62D4871}.Debug|Any CPU.Build.0 = Debug|Any CPU
		{0BFD1998-8427-416D-A5A4-3B81C62D4871}.Release|Any CPU.ActiveCfg = Release|Any CPU
		{0BFD1998-8427-416D-A5A4-3B81C62D4871}.Release|Any CPU.Build.0 = Release|Any CPU
		{72933461-123F-44FD-A930-94F93B2A3621}.Debug|Any CPU.ActiveCfg = Debug|Any CPU
		{72933461-123F-44FD-A930-94F93B2A3621}.Debug|Any CPU.Build.0 = Debug|Any CPU
		{72933461-123F-44FD-A930-94F93B2A3621}.Release|Any CPU.ActiveCfg = Release|Any CPU
		{72933461-123F-44FD-A930-94F93B2A3621}.Release|Any CPU.Build.0 = Release|Any CPU
		{275773A8-3EA0-4F51-BE29-EABCDDAB3579}.Debug|Any CPU.ActiveCfg = Debug|Any CPU
		{275773A8-3EA0-4F51-BE29-EABCDDAB3579}.Debug|Any CPU.Build.0 = Debug|Any CPU
		{275773A8-3EA0-4F51-BE29-EABCDDAB3579}.Release|Any CPU.ActiveCfg = Release|Any CPU
		{275773A8-3EA0-4F51-BE29-EABCDDAB3579}.Release|Any CPU.Build.0 = Release|Any CPU
		{8B55DF2C-AA3B-43D8-BEEE-881E942BE259}.Debug|Any CPU.ActiveCfg = Debug|Any CPU
		{8B55DF2C-AA3B-43D8-BEEE-881E942BE259}.Debug|Any CPU.Build.0 = Debug|Any CPU
		{8B55DF2C-AA3B-43D8-BEEE-881E942BE259}.Release|Any CPU.ActiveCfg = Release|Any CPU
		{8B55DF2C-AA3B-43D8-BEEE-881E942BE259}.Release|Any CPU.Build.0 = Release|Any CPU
		{7B09CEAB-5E09-4767-B61E-53B8850DCDF0}.Debug|Any CPU.ActiveCfg = Debug|Any CPU
		{7B09CEAB-5E09-4767-B61E-53B8850DCDF0}.Debug|Any CPU.Build.0 = Debug|Any CPU
		{7B09CEAB-5E09-4767-B61E-53B8850DCDF0}.Release|Any CPU.ActiveCfg = Release|Any CPU
		{7B09CEAB-5E09-4767-B61E-53B8850DCDF0}.Release|Any CPU.Build.0 = Release|Any CPU
		{90F051DE-D819-41F1-8039-AB7CAAC0830A}.Debug|Any CPU.ActiveCfg = Debug|Any CPU
		{90F051DE-D819-41F1-8039-AB7CAAC0830A}.Debug|Any CPU.Build.0 = Debug|Any CPU
		{90F051DE-D819-41F1-8039-AB7CAAC0830A}.Release|Any CPU.ActiveCfg = Release|Any CPU
		{90F051DE-D819-41F1-8039-AB7CAAC0830A}.Release|Any CPU.Build.0 = Release|Any CPU
		{056F2CE9-7F36-4897-ABE7-1D3B9CF02DD2}.Debug|Any CPU.ActiveCfg = Debug|Any CPU
		{056F2CE9-7F36-4897-ABE7-1D3B9CF02DD2}.Debug|Any CPU.Build.0 = Debug|Any CPU
		{056F2CE9-7F36-4897-ABE7-1D3B9CF02DD2}.Release|Any CPU.ActiveCfg = Release|Any CPU
		{056F2CE9-7F36-4897-ABE7-1D3B9CF02DD2}.Release|Any CPU.Build.0 = Release|Any CPU
		{421B6117-83B7-47CF-BCF6-C78E5EF1C701}.Debug|Any CPU.ActiveCfg = Debug|Any CPU
		{421B6117-83B7-47CF-BCF6-C78E5EF1C701}.Debug|Any CPU.Build.0 = Debug|Any CPU
		{421B6117-83B7-47CF-BCF6-C78E5EF1C701}.Release|Any CPU.ActiveCfg = Release|Any CPU
		{421B6117-83B7-47CF-BCF6-C78E5EF1C701}.Release|Any CPU.Build.0 = Release|Any CPU
		{119BFB11-D8C3-4843-91EB-AC5B4595273F}.Debug|Any CPU.ActiveCfg = Debug|Any CPU
		{119BFB11-D8C3-4843-91EB-AC5B4595273F}.Debug|Any CPU.Build.0 = Debug|Any CPU
		{119BFB11-D8C3-4843-91EB-AC5B4595273F}.Release|Any CPU.ActiveCfg = Release|Any CPU
		{119BFB11-D8C3-4843-91EB-AC5B4595273F}.Release|Any CPU.Build.0 = Release|Any CPU
		{E49C5F7E-699E-473D-9E66-4DC188E34F81}.Debug|Any CPU.ActiveCfg = Debug|Any CPU
		{E49C5F7E-699E-473D-9E66-4DC188E34F81}.Debug|Any CPU.Build.0 = Debug|Any CPU
		{E49C5F7E-699E-473D-9E66-4DC188E34F81}.Release|Any CPU.ActiveCfg = Release|Any CPU
		{E49C5F7E-699E-473D-9E66-4DC188E34F81}.Release|Any CPU.Build.0 = Release|Any CPU
		{B1A2DE51-186F-4B04-9158-1E3B594C728F}.Debug|Any CPU.ActiveCfg = Debug|Any CPU
		{B1A2DE51-186F-4B04-9158-1E3B594C728F}.Debug|Any CPU.Build.0 = Debug|Any CPU
		{B1A2DE51-186F-4B04-9158-1E3B594C728F}.Release|Any CPU.ActiveCfg = Release|Any CPU
		{B1A2DE51-186F-4B04-9158-1E3B594C728F}.Release|Any CPU.Build.0 = Release|Any CPU
		{8897ECCC-A206-4A74-8F87-FC888B5089FD}.Debug|Any CPU.ActiveCfg = Debug|Any CPU
		{8897ECCC-A206-4A74-8F87-FC888B5089FD}.Debug|Any CPU.Build.0 = Debug|Any CPU
		{8897ECCC-A206-4A74-8F87-FC888B5089FD}.Release|Any CPU.ActiveCfg = Release|Any CPU
		{8897ECCC-A206-4A74-8F87-FC888B5089FD}.Release|Any CPU.Build.0 = Release|Any CPU
		{4C0FFB24-4733-437C-A9D9-82A4169A8E4E}.Debug|Any CPU.ActiveCfg = Debug|Any CPU
		{4C0FFB24-4733-437C-A9D9-82A4169A8E4E}.Debug|Any CPU.Build.0 = Debug|Any CPU
		{4C0FFB24-4733-437C-A9D9-82A4169A8E4E}.Release|Any CPU.ActiveCfg = Release|Any CPU
		{4C0FFB24-4733-437C-A9D9-82A4169A8E4E}.Release|Any CPU.Build.0 = Release|Any CPU
		{3C1A8482-A919-41CE-B368-170727FCF8DD}.Debug|Any CPU.ActiveCfg = Debug|Any CPU
		{3C1A8482-A919-41CE-B368-170727FCF8DD}.Debug|Any CPU.Build.0 = Debug|Any CPU
		{3C1A8482-A919-41CE-B368-170727FCF8DD}.Release|Any CPU.ActiveCfg = Release|Any CPU
		{3C1A8482-A919-41CE-B368-170727FCF8DD}.Release|Any CPU.Build.0 = Release|Any CPU
		{7B1039D8-D96D-4708-AE34-5A943E671120}.Debug|Any CPU.ActiveCfg = Debug|Any CPU
		{7B1039D8-D96D-4708-AE34-5A943E671120}.Debug|Any CPU.Build.0 = Debug|Any CPU
		{7B1039D8-D96D-4708-AE34-5A943E671120}.Release|Any CPU.ActiveCfg = Release|Any CPU
		{7B1039D8-D96D-4708-AE34-5A943E671120}.Release|Any CPU.Build.0 = Release|Any CPU
		{5ECA5F0D-F500-4DD7-960E-0CBED8E6703F}.Debug|Any CPU.ActiveCfg = Debug|Any CPU
		{5ECA5F0D-F500-4DD7-960E-0CBED8E6703F}.Debug|Any CPU.Build.0 = Debug|Any CPU
		{5ECA5F0D-F500-4DD7-960E-0CBED8E6703F}.Release|Any CPU.ActiveCfg = Release|Any CPU
		{5ECA5F0D-F500-4DD7-960E-0CBED8E6703F}.Release|Any CPU.Build.0 = Release|Any CPU
		{5D419513-CD0A-4B2E-8841-57F8A7EC4AA8}.Debug|Any CPU.ActiveCfg = Debug|Any CPU
		{5D419513-CD0A-4B2E-8841-57F8A7EC4AA8}.Debug|Any CPU.Build.0 = Debug|Any CPU
		{5D419513-CD0A-4B2E-8841-57F8A7EC4AA8}.Release|Any CPU.ActiveCfg = Release|Any CPU
		{5D419513-CD0A-4B2E-8841-57F8A7EC4AA8}.Release|Any CPU.Build.0 = Release|Any CPU
		{0CF71716-E995-4DE7-9E24-50A331F334DF}.Debug|Any CPU.ActiveCfg = Debug|Any CPU
		{0CF71716-E995-4DE7-9E24-50A331F334DF}.Debug|Any CPU.Build.0 = Debug|Any CPU
		{0CF71716-E995-4DE7-9E24-50A331F334DF}.Release|Any CPU.ActiveCfg = Release|Any CPU
		{0CF71716-E995-4DE7-9E24-50A331F334DF}.Release|Any CPU.Build.0 = Release|Any CPU
		{7A0B2472-7B32-4A56-B502-644E8E50E39D}.Debug|Any CPU.ActiveCfg = Debug|Any CPU
		{7A0B2472-7B32-4A56-B502-644E8E50E39D}.Debug|Any CPU.Build.0 = Debug|Any CPU
		{7A0B2472-7B32-4A56-B502-644E8E50E39D}.Release|Any CPU.ActiveCfg = Release|Any CPU
		{7A0B2472-7B32-4A56-B502-644E8E50E39D}.Release|Any CPU.Build.0 = Release|Any CPU
		{E120FB0C-F19E-4538-BE8F-DE932597BA4C}.Debug|Any CPU.ActiveCfg = Debug|Any CPU
		{E120FB0C-F19E-4538-BE8F-DE932597BA4C}.Debug|Any CPU.Build.0 = Debug|Any CPU
		{E120FB0C-F19E-4538-BE8F-DE932597BA4C}.Release|Any CPU.ActiveCfg = Release|Any CPU
		{E120FB0C-F19E-4538-BE8F-DE932597BA4C}.Release|Any CPU.Build.0 = Release|Any CPU
	EndGlobalSection
	GlobalSection(SolutionProperties) = preSolution
		HideSolutionNode = FALSE
	EndGlobalSection
	GlobalSection(ExtensibilityGlobals) = postSolution
		SolutionGuid = {AE54B00C-44F9-472F-B993-E4FFFD674F44}
	EndGlobalSection
EndGlobal
