
Microsoft Visual Studio Solution File, Format Version 12.00
# Visual Studio 15
VisualStudioVersion = 15.0.28010.2046
MinimumVisualStudioVersion = 10.0.40219.1
Project("{FAE04EC0-301F-11D3-BF4B-00C04F79EFBC}") = "Project1018", "Project1018\Project1018.csproj", "{EC1C3272-8663-4790-843E-69777CE078E9}"
EndProject
Project("{FAE04EC0-301F-11D3-BF4B-00C04F79EFBC}") = "ConsoleApp1", "ConsoleApp1\ConsoleApp1.csproj", "{E4F41A35-A5A0-445F-9EF3-34A949769EB9}"
EndProject
Project("{FAE04EC0-301F-11D3-BF4B-00C04F79EFBC}") = "ConsoleApp2", "ConsoleApp2\ConsoleApp2.csproj", "{E01BBB6D-DDE7-4DB8-9150-28059A880329}"
EndProject
Project("{FAE04EC0-301F-11D3-BF4B-00C04F79EFBC}") = "ConsoleApp3", "ConsoleApp3\ConsoleApp3.csproj", "{FD7417BC-8BCC-4834-838F-8B0C08940D8B}"
EndProject
Project("{FAE04EC0-301F-11D3-BF4B-00C04F79EFBC}") = "ConsoleApp4", "ConsoleApp4\ConsoleApp4.csproj", "{F6AA8D65-9F86-4CB3-8234-772E768F80C7}"
EndProject
Project("{FAE04EC0-301F-11D3-BF4B-00C04F79EFBC}") = "ConsoleApp5", "ConsoleApp5\ConsoleApp5.csproj", "{2FF689D9-4D81-4687-82D5-18FB22C8B639}"
EndProject
Project("{FAE04EC0-301F-11D3-BF4B-00C04F79EFBC}") = "ConsoleApp6", "ConsoleApp6\ConsoleApp6.csproj", "{33840D2A-2AFC-492E-9C2F-89DB53C165F6}"
EndProject
Project("{FAE04EC0-301F-11D3-BF4B-00C04F79EFBC}") = "ConsoleApp7", "ConsoleApp7\ConsoleApp7.csproj", "{6A233416-4F71-4D87-A1EA-F32D0EE66D6A}"
EndProject
Project("{FAE04EC0-301F-11D3-BF4B-00C04F79EFBC}") = "ConsoleApp8", "ConsoleApp8\ConsoleApp8.csproj", "{E856A656-1344-4F3A-828B-28DD1D888D78}"
EndProject
Project("{FAE04EC0-301F-11D3-BF4B-00C04F79EFBC}") = "ConsoleApp9", "ConsoleApp9\ConsoleApp9.csproj", "{BFB68586-EB97-49B2-AC65-62EB0C0627D1}"
EndProject
Project("{FAE04EC0-301F-11D3-BF4B-00C04F79EFBC}") = "ConsoleApp10", "ConsoleApp10\ConsoleApp10.csproj", "{D53FCC2A-DB44-4A3A-93D2-E9E904C05336}"
EndProject
Project("{FAE04EC0-301F-11D3-BF4B-00C04F79EFBC}") = "ConsoleApp11", "ConsoleApp11\ConsoleApp11.csproj", "{A58CF272-E23F-4DE6-88FA-F29ABA3F2AE7}"
EndProject
Project("{FAE04EC0-301F-11D3-BF4B-00C04F79EFBC}") = "Ex1018-1", "Ex1018-1\Ex1018-1.csproj", "{262D161B-802D-4A27-B2E1-CDE73CD50CB3}"
EndProject
Project("{FAE04EC0-301F-11D3-BF4B-00C04F79EFBC}") = "Ex1018-2", "Ex1018-2\Ex1018-2.csproj", "{08B2992A-F426-47A8-BDE1-1C39868C4C53}"
EndProject
Project("{FAE04EC0-301F-11D3-BF4B-00C04F79EFBC}") = "Ex1018-3", "Ex1018-3\Ex1018-3.csproj", "{32642A55-034C-4FCD-9268-920214B728A6}"
EndProject
Project("{FAE04EC0-301F-11D3-BF4B-00C04F79EFBC}") = "ConsoleApp12", "ConsoleApp12\ConsoleApp12.csproj", "{A2743E87-3CBB-48CB-9784-5C5D3E3BD654}"
EndProject
Project("{FAE04EC0-301F-11D3-BF4B-00C04F79EFBC}") = "EventTest", "EvemtTest\EventTest.csproj", "{7A0C556F-4857-4357-8E8B-7D0CF2C6BDD7}"
EndProject
Project("{FAE04EC0-301F-11D3-BF4B-00C04F79EFBC}") = "ConsoleApp13", "ConsoleApp13\ConsoleApp13.csproj", "{E4402216-8C90-4358-BA2B-0ABB0CD99A1D}"
EndProject
Project("{FAE04EC0-301F-11D3-BF4B-00C04F79EFBC}") = "Ex01", "Ex01\Ex01.csproj", "{591FAE1E-D11B-457E-8765-B33FF341C32A}"
EndProject
Project("{FAE04EC0-301F-11D3-BF4B-00C04F79EFBC}") = "Ex02", "Ex02\Ex02.csproj", "{4023B20A-1D61-4F8F-AE13-9F377A090F59}"
EndProject
Project("{FAE04EC0-301F-11D3-BF4B-00C04F79EFBC}") = "Ex03", "Ex03\Ex03.csproj", "{66C20078-349B-4932-BB9A-2D09F1EEBC8B}"
EndProject
Project("{FAE04EC0-301F-11D3-BF4B-00C04F79EFBC}") = "Ex04", "Ex04\Ex04.csproj", "{DFA4D2BA-5962-4D02-91D2-3B4391D9B17A}"
EndProject
Project("{FAE04EC0-301F-11D3-BF4B-00C04F79EFBC}") = "Ex05", "Ex05\Ex05.csproj", "{CCF6AA5D-0E40-4C43-9122-2FB538EABA77}"
EndProject
Project("{FAE04EC0-301F-11D3-BF4B-00C04F79EFBC}") = "Ex05-2", "Ex05-2\Ex05-2.csproj", "{BC83FF33-0BF1-4563-B439-B6F2E50E976E}"
EndProject
Project("{FAE04EC0-301F-11D3-BF4B-00C04F79EFBC}") = "Ex06", "Ex06\Ex06.csproj", "{3B659DF0-B2D3-4D86-B9F4-4A860816D848}"
EndProject
Global
	GlobalSection(SolutionConfigurationPlatforms) = preSolution
		Debug|Any CPU = Debug|Any CPU
		Release|Any CPU = Release|Any CPU
	EndGlobalSection
	GlobalSection(ProjectConfigurationPlatforms) = postSolution
		{EC1C3272-8663-4790-843E-69777CE078E9}.Debug|Any CPU.ActiveCfg = Debug|Any CPU
		{EC1C3272-8663-4790-843E-69777CE078E9}.Debug|Any CPU.Build.0 = Debug|Any CPU
		{EC1C3272-8663-4790-843E-69777CE078E9}.Release|Any CPU.ActiveCfg = Release|Any CPU
		{EC1C3272-8663-4790-843E-69777CE078E9}.Release|Any CPU.Build.0 = Release|Any CPU
		{E4F41A35-A5A0-445F-9EF3-34A949769EB9}.Debug|Any CPU.ActiveCfg = Debug|Any CPU
		{E4F41A35-A5A0-445F-9EF3-34A949769EB9}.Debug|Any CPU.Build.0 = Debug|Any CPU
		{E4F41A35-A5A0-445F-9EF3-34A949769EB9}.Release|Any CPU.ActiveCfg = Release|Any CPU
		{E4F41A35-A5A0-445F-9EF3-34A949769EB9}.Release|Any CPU.Build.0 = Release|Any CPU
		{E01BBB6D-DDE7-4DB8-9150-28059A880329}.Debug|Any CPU.ActiveCfg = Debug|Any CPU
		{E01BBB6D-DDE7-4DB8-9150-28059A880329}.Debug|Any CPU.Build.0 = Debug|Any CPU
		{E01BBB6D-DDE7-4DB8-9150-28059A880329}.Release|Any CPU.ActiveCfg = Release|Any CPU
		{E01BBB6D-DDE7-4DB8-9150-28059A880329}.Release|Any CPU.Build.0 = Release|Any CPU
		{FD7417BC-8BCC-4834-838F-8B0C08940D8B}.Debug|Any CPU.ActiveCfg = Debug|Any CPU
		{FD7417BC-8BCC-4834-838F-8B0C08940D8B}.Debug|Any CPU.Build.0 = Debug|Any CPU
		{FD7417BC-8BCC-4834-838F-8B0C08940D8B}.Release|Any CPU.ActiveCfg = Release|Any CPU
		{FD7417BC-8BCC-4834-838F-8B0C08940D8B}.Release|Any CPU.Build.0 = Release|Any CPU
		{F6AA8D65-9F86-4CB3-8234-772E768F80C7}.Debug|Any CPU.ActiveCfg = Debug|Any CPU
		{F6AA8D65-9F86-4CB3-8234-772E768F80C7}.Debug|Any CPU.Build.0 = Debug|Any CPU
		{F6AA8D65-9F86-4CB3-8234-772E768F80C7}.Release|Any CPU.ActiveCfg = Release|Any CPU
		{F6AA8D65-9F86-4CB3-8234-772E768F80C7}.Release|Any CPU.Build.0 = Release|Any CPU
		{2FF689D9-4D81-4687-82D5-18FB22C8B639}.Debug|Any CPU.ActiveCfg = Debug|Any CPU
		{2FF689D9-4D81-4687-82D5-18FB22C8B639}.Debug|Any CPU.Build.0 = Debug|Any CPU
		{2FF689D9-4D81-4687-82D5-18FB22C8B639}.Release|Any CPU.ActiveCfg = Release|Any CPU
		{2FF689D9-4D81-4687-82D5-18FB22C8B639}.Release|Any CPU.Build.0 = Release|Any CPU
		{33840D2A-2AFC-492E-9C2F-89DB53C165F6}.Debug|Any CPU.ActiveCfg = Debug|Any CPU
		{33840D2A-2AFC-492E-9C2F-89DB53C165F6}.Debug|Any CPU.Build.0 = Debug|Any CPU
		{33840D2A-2AFC-492E-9C2F-89DB53C165F6}.Release|Any CPU.ActiveCfg = Release|Any CPU
		{33840D2A-2AFC-492E-9C2F-89DB53C165F6}.Release|Any CPU.Build.0 = Release|Any CPU
		{6A233416-4F71-4D87-A1EA-F32D0EE66D6A}.Debug|Any CPU.ActiveCfg = Debug|Any CPU
		{6A233416-4F71-4D87-A1EA-F32D0EE66D6A}.Debug|Any CPU.Build.0 = Debug|Any CPU
		{6A233416-4F71-4D87-A1EA-F32D0EE66D6A}.Release|Any CPU.ActiveCfg = Release|Any CPU
		{6A233416-4F71-4D87-A1EA-F32D0EE66D6A}.Release|Any CPU.Build.0 = Release|Any CPU
		{E856A656-1344-4F3A-828B-28DD1D888D78}.Debug|Any CPU.ActiveCfg = Debug|Any CPU
		{E856A656-1344-4F3A-828B-28DD1D888D78}.Debug|Any CPU.Build.0 = Debug|Any CPU
		{E856A656-1344-4F3A-828B-28DD1D888D78}.Release|Any CPU.ActiveCfg = Release|Any CPU
		{E856A656-1344-4F3A-828B-28DD1D888D78}.Release|Any CPU.Build.0 = Release|Any CPU
		{BFB68586-EB97-49B2-AC65-62EB0C0627D1}.Debug|Any CPU.ActiveCfg = Debug|Any CPU
		{BFB68586-EB97-49B2-AC65-62EB0C0627D1}.Debug|Any CPU.Build.0 = Debug|Any CPU
		{BFB68586-EB97-49B2-AC65-62EB0C0627D1}.Release|Any CPU.ActiveCfg = Release|Any CPU
		{BFB68586-EB97-49B2-AC65-62EB0C0627D1}.Release|Any CPU.Build.0 = Release|Any CPU
		{D53FCC2A-DB44-4A3A-93D2-E9E904C05336}.Debug|Any CPU.ActiveCfg = Debug|Any CPU
		{D53FCC2A-DB44-4A3A-93D2-E9E904C05336}.Debug|Any CPU.Build.0 = Debug|Any CPU
		{D53FCC2A-DB44-4A3A-93D2-E9E904C05336}.Release|Any CPU.ActiveCfg = Release|Any CPU
		{D53FCC2A-DB44-4A3A-93D2-E9E904C05336}.Release|Any CPU.Build.0 = Release|Any CPU
		{A58CF272-E23F-4DE6-88FA-F29ABA3F2AE7}.Debug|Any CPU.ActiveCfg = Debug|Any CPU
		{A58CF272-E23F-4DE6-88FA-F29ABA3F2AE7}.Debug|Any CPU.Build.0 = Debug|Any CPU
		{A58CF272-E23F-4DE6-88FA-F29ABA3F2AE7}.Release|Any CPU.ActiveCfg = Release|Any CPU
		{A58CF272-E23F-4DE6-88FA-F29ABA3F2AE7}.Release|Any CPU.Build.0 = Release|Any CPU
		{262D161B-802D-4A27-B2E1-CDE73CD50CB3}.Debug|Any CPU.ActiveCfg = Debug|Any CPU
		{262D161B-802D-4A27-B2E1-CDE73CD50CB3}.Debug|Any CPU.Build.0 = Debug|Any CPU
		{262D161B-802D-4A27-B2E1-CDE73CD50CB3}.Release|Any CPU.ActiveCfg = Release|Any CPU
		{262D161B-802D-4A27-B2E1-CDE73CD50CB3}.Release|Any CPU.Build.0 = Release|Any CPU
		{08B2992A-F426-47A8-BDE1-1C39868C4C53}.Debug|Any CPU.ActiveCfg = Debug|Any CPU
		{08B2992A-F426-47A8-BDE1-1C39868C4C53}.Debug|Any CPU.Build.0 = Debug|Any CPU
		{08B2992A-F426-47A8-BDE1-1C39868C4C53}.Release|Any CPU.ActiveCfg = Release|Any CPU
		{08B2992A-F426-47A8-BDE1-1C39868C4C53}.Release|Any CPU.Build.0 = Release|Any CPU
		{32642A55-034C-4FCD-9268-920214B728A6}.Debug|Any CPU.ActiveCfg = Debug|Any CPU
		{32642A55-034C-4FCD-9268-920214B728A6}.Debug|Any CPU.Build.0 = Debug|Any CPU
		{32642A55-034C-4FCD-9268-920214B728A6}.Release|Any CPU.ActiveCfg = Release|Any CPU
		{32642A55-034C-4FCD-9268-920214B728A6}.Release|Any CPU.Build.0 = Release|Any CPU
		{A2743E87-3CBB-48CB-9784-5C5D3E3BD654}.Debug|Any CPU.ActiveCfg = Debug|Any CPU
		{A2743E87-3CBB-48CB-9784-5C5D3E3BD654}.Debug|Any CPU.Build.0 = Debug|Any CPU
		{A2743E87-3CBB-48CB-9784-5C5D3E3BD654}.Release|Any CPU.ActiveCfg = Release|Any CPU
		{A2743E87-3CBB-48CB-9784-5C5D3E3BD654}.Release|Any CPU.Build.0 = Release|Any CPU
		{7A0C556F-4857-4357-8E8B-7D0CF2C6BDD7}.Debug|Any CPU.ActiveCfg = Debug|Any CPU
		{7A0C556F-4857-4357-8E8B-7D0CF2C6BDD7}.Debug|Any CPU.Build.0 = Debug|Any CPU
		{7A0C556F-4857-4357-8E8B-7D0CF2C6BDD7}.Release|Any CPU.ActiveCfg = Release|Any CPU
		{7A0C556F-4857-4357-8E8B-7D0CF2C6BDD7}.Release|Any CPU.Build.0 = Release|Any CPU
		{E4402216-8C90-4358-BA2B-0ABB0CD99A1D}.Debug|Any CPU.ActiveCfg = Debug|Any CPU
		{E4402216-8C90-4358-BA2B-0ABB0CD99A1D}.Debug|Any CPU.Build.0 = Debug|Any CPU
		{E4402216-8C90-4358-BA2B-0ABB0CD99A1D}.Release|Any CPU.ActiveCfg = Release|Any CPU
		{E4402216-8C90-4358-BA2B-0ABB0CD99A1D}.Release|Any CPU.Build.0 = Release|Any CPU
		{591FAE1E-D11B-457E-8765-B33FF341C32A}.Debug|Any CPU.ActiveCfg = Debug|Any CPU
		{591FAE1E-D11B-457E-8765-B33FF341C32A}.Debug|Any CPU.Build.0 = Debug|Any CPU
		{591FAE1E-D11B-457E-8765-B33FF341C32A}.Release|Any CPU.ActiveCfg = Release|Any CPU
		{591FAE1E-D11B-457E-8765-B33FF341C32A}.Release|Any CPU.Build.0 = Release|Any CPU
		{4023B20A-1D61-4F8F-AE13-9F377A090F59}.Debug|Any CPU.ActiveCfg = Debug|Any CPU
		{4023B20A-1D61-4F8F-AE13-9F377A090F59}.Debug|Any CPU.Build.0 = Debug|Any CPU
		{4023B20A-1D61-4F8F-AE13-9F377A090F59}.Release|Any CPU.ActiveCfg = Release|Any CPU
		{4023B20A-1D61-4F8F-AE13-9F377A090F59}.Release|Any CPU.Build.0 = Release|Any CPU
		{66C20078-349B-4932-BB9A-2D09F1EEBC8B}.Debug|Any CPU.ActiveCfg = Debug|Any CPU
		{66C20078-349B-4932-BB9A-2D09F1EEBC8B}.Debug|Any CPU.Build.0 = Debug|Any CPU
		{66C20078-349B-4932-BB9A-2D09F1EEBC8B}.Release|Any CPU.ActiveCfg = Release|Any CPU
		{66C20078-349B-4932-BB9A-2D09F1EEBC8B}.Release|Any CPU.Build.0 = Release|Any CPU
		{DFA4D2BA-5962-4D02-91D2-3B4391D9B17A}.Debug|Any CPU.ActiveCfg = Debug|Any CPU
		{DFA4D2BA-5962-4D02-91D2-3B4391D9B17A}.Debug|Any CPU.Build.0 = Debug|Any CPU
		{DFA4D2BA-5962-4D02-91D2-3B4391D9B17A}.Release|Any CPU.ActiveCfg = Release|Any CPU
		{DFA4D2BA-5962-4D02-91D2-3B4391D9B17A}.Release|Any CPU.Build.0 = Release|Any CPU
		{CCF6AA5D-0E40-4C43-9122-2FB538EABA77}.Debug|Any CPU.ActiveCfg = Debug|Any CPU
		{CCF6AA5D-0E40-4C43-9122-2FB538EABA77}.Debug|Any CPU.Build.0 = Debug|Any CPU
		{CCF6AA5D-0E40-4C43-9122-2FB538EABA77}.Release|Any CPU.ActiveCfg = Release|Any CPU
		{CCF6AA5D-0E40-4C43-9122-2FB538EABA77}.Release|Any CPU.Build.0 = Release|Any CPU
		{BC83FF33-0BF1-4563-B439-B6F2E50E976E}.Debug|Any CPU.ActiveCfg = Debug|Any CPU
		{BC83FF33-0BF1-4563-B439-B6F2E50E976E}.Debug|Any CPU.Build.0 = Debug|Any CPU
		{BC83FF33-0BF1-4563-B439-B6F2E50E976E}.Release|Any CPU.ActiveCfg = Release|Any CPU
		{BC83FF33-0BF1-4563-B439-B6F2E50E976E}.Release|Any CPU.Build.0 = Release|Any CPU
		{3B659DF0-B2D3-4D86-B9F4-4A860816D848}.Debug|Any CPU.ActiveCfg = Debug|Any CPU
		{3B659DF0-B2D3-4D86-B9F4-4A860816D848}.Debug|Any CPU.Build.0 = Debug|Any CPU
		{3B659DF0-B2D3-4D86-B9F4-4A860816D848}.Release|Any CPU.ActiveCfg = Release|Any CPU
		{3B659DF0-B2D3-4D86-B9F4-4A860816D848}.Release|Any CPU.Build.0 = Release|Any CPU
	EndGlobalSection
	GlobalSection(SolutionProperties) = preSolution
		HideSolutionNode = FALSE
	EndGlobalSection
	GlobalSection(ExtensibilityGlobals) = postSolution
		SolutionGuid = {355BA83E-94FE-4AF1-B98A-12B3AE1C0A52}
	EndGlobalSection
EndGlobal
