
Microsoft Visual Studio Solution File, Format Version 12.00
# Visual Studio 15
VisualStudioVersion = 15.0.28010.2046
MinimumVisualStudioVersion = 10.0.40219.1
Project("{FAE04EC0-301F-11D3-BF4B-00C04F79EFBC}") = "Shapes", "Shapes\Shapes.csproj", "{A2106F20-2D1D-4087-BF3F-68C570B19D80}"
EndProject
Project("{FAE04EC0-301F-11D3-BF4B-00C04F79EFBC}") = "ConsoleApp1", "ConsoleApp1\ConsoleApp1.csproj", "{C0CAC609-FE1D-4B90-88DC-A5F06F282108}"
EndProject
Global
	GlobalSection(SolutionConfigurationPlatforms) = preSolution
		Debug|Any CPU = Debug|Any CPU
		Release|Any CPU = Release|Any CPU
	EndGlobalSection
	GlobalSection(ProjectConfigurationPlatforms) = postSolution
		{A2106F20-2D1D-4087-BF3F-68C570B19D80}.Debug|Any CPU.ActiveCfg = Debug|Any CPU
		{A2106F20-2D1D-4087-BF3F-68C570B19D80}.Debug|Any CPU.Build.0 = Debug|Any CPU
		{A2106F20-2D1D-4087-BF3F-68C570B19D80}.Release|Any CPU.ActiveCfg = Release|Any CPU
		{A2106F20-2D1D-4087-BF3F-68C570B19D80}.Release|Any CPU.Build.0 = Release|Any CPU
		{C0CAC609-FE1D-4B90-88DC-A5F06F282108}.Debug|Any CPU.ActiveCfg = Debug|Any CPU
		{C0CAC609-FE1D-4B90-88DC-A5F06F282108}.Debug|Any CPU.Build.0 = Debug|Any CPU
		{C0CAC609-FE1D-4B90-88DC-A5F06F282108}.Release|Any CPU.ActiveCfg = Release|Any CPU
		{C0CAC609-FE1D-4B90-88DC-A5F06F282108}.Release|Any CPU.Build.0 = Release|Any CPU
	EndGlobalSection
	GlobalSection(SolutionProperties) = preSolution
		HideSolutionNode = FALSE
	EndGlobalSection
	GlobalSection(ExtensibilityGlobals) = postSolution
		SolutionGuid = {7457CC74-A1E3-4017-A65D-A417A1DFA29C}
	EndGlobalSection
EndGlobal
